
Microsoft Visual Studio Solution File, Format Version 12.00
# Visual Studio 15
VisualStudioVersion = 15.0.26430.15
MinimumVisualStudioVersion = 10.0.40219.1
Project("{FAE04EC0-301F-11D3-BF4B-00C04F79EFBC}") = "SimpleWPF", "SimpleWPF\SimpleWPF.csproj", "{C4239BF9-8454-4FA9-B86F-2BB679B77EFB}"
EndProject
Project("{2150E333-8FDC-42A3-9474-1A3956D46DE8}") = "Samples", "Samples", "{3D2F4D66-E021-4C72-AB01-30E2AF59D52D}"
EndProject
Project("{FAE04EC0-301F-11D3-BF4B-00C04F79EFBC}") = "MultiWindowSampleApplication", "Samples\MultiWindowSampleApplication\MultiWindowSampleApplication.csproj", "{F4C6894C-0273-478F-A0DA-D8C9C77F5BF1}"
EndProject
Project("{FAE04EC0-301F-11D3-BF4B-00C04F79EFBC}") = "SingleWindowSampleApplication", "Samples\SingleWindowSampleApplication\SingleWindowSampleApplication.csproj", "{2D8E4EAA-2948-496E-B2D7-EADB3070C4DC}"
EndProject
Project("{FAE04EC0-301F-11D3-BF4B-00C04F79EFBC}") = "TemplateProject", "TemplateProject\TemplateProject.csproj", "{59942EE5-B94B-4CE8-9041-65B964BEE596}"
EndProject
Project("{FAE04EC0-301F-11D3-BF4B-00C04F79EFBC}") = "NavigationCacheSampleApplication", "Samples\NavigationCacheSampleApplication\NavigationCacheSampleApplication.csproj", "{4E9BD8C3-542D-4705-9DCA-CA5A6C39D1A3}"
EndProject
Global
	GlobalSection(SolutionConfigurationPlatforms) = preSolution
		Debug|Any CPU = Debug|Any CPU
		Release|Any CPU = Release|Any CPU
	EndGlobalSection
	GlobalSection(ProjectConfigurationPlatforms) = postSolution
		{C4239BF9-8454-4FA9-B86F-2BB679B77EFB}.Debug|Any CPU.ActiveCfg = Debug|Any CPU
		{C4239BF9-8454-4FA9-B86F-2BB679B77EFB}.Debug|Any CPU.Build.0 = Debug|Any CPU
		{C4239BF9-8454-4FA9-B86F-2BB679B77EFB}.Release|Any CPU.ActiveCfg = Release|Any CPU
		{C4239BF9-8454-4FA9-B86F-2BB679B77EFB}.Release|Any CPU.Build.0 = Release|Any CPU
		{F4C6894C-0273-478F-A0DA-D8C9C77F5BF1}.Debug|Any CPU.ActiveCfg = Debug|Any CPU
		{F4C6894C-0273-478F-A0DA-D8C9C77F5BF1}.Debug|Any CPU.Build.0 = Debug|Any CPU
		{F4C6894C-0273-478F-A0DA-D8C9C77F5BF1}.Release|Any CPU.ActiveCfg = Release|Any CPU
		{F4C6894C-0273-478F-A0DA-D8C9C77F5BF1}.Release|Any CPU.Build.0 = Release|Any CPU
		{2D8E4EAA-2948-496E-B2D7-EADB3070C4DC}.Debug|Any CPU.ActiveCfg = Debug|Any CPU
		{2D8E4EAA-2948-496E-B2D7-EADB3070C4DC}.Debug|Any CPU.Build.0 = Debug|Any CPU
		{2D8E4EAA-2948-496E-B2D7-EADB3070C4DC}.Release|Any CPU.ActiveCfg = Release|Any CPU
		{2D8E4EAA-2948-496E-B2D7-EADB3070C4DC}.Release|Any CPU.Build.0 = Release|Any CPU
		{59942EE5-B94B-4CE8-9041-65B964BEE596}.Debug|Any CPU.ActiveCfg = Debug|Any CPU
		{59942EE5-B94B-4CE8-9041-65B964BEE596}.Debug|Any CPU.Build.0 = Debug|Any CPU
		{59942EE5-B94B-4CE8-9041-65B964BEE596}.Release|Any CPU.ActiveCfg = Release|Any CPU
		{59942EE5-B94B-4CE8-9041-65B964BEE596}.Release|Any CPU.Build.0 = Release|Any CPU
		{4E9BD8C3-542D-4705-9DCA-CA5A6C39D1A3}.Debug|Any CPU.ActiveCfg = Debug|Any CPU
		{4E9BD8C3-542D-4705-9DCA-CA5A6C39D1A3}.Debug|Any CPU.Build.0 = Debug|Any CPU
		{4E9BD8C3-542D-4705-9DCA-CA5A6C39D1A3}.Release|Any CPU.ActiveCfg = Release|Any CPU
		{4E9BD8C3-542D-4705-9DCA-CA5A6C39D1A3}.Release|Any CPU.Build.0 = Release|Any CPU
	EndGlobalSection
	GlobalSection(SolutionProperties) = preSolution
		HideSolutionNode = FALSE
	EndGlobalSection
	GlobalSection(NestedProjects) = preSolution
		{F4C6894C-0273-478F-A0DA-D8C9C77F5BF1} = {3D2F4D66-E021-4C72-AB01-30E2AF59D52D}
		{2D8E4EAA-2948-496E-B2D7-EADB3070C4DC} = {3D2F4D66-E021-4C72-AB01-30E2AF59D52D}
		{59942EE5-B94B-4CE8-9041-65B964BEE596} = {3D2F4D66-E021-4C72-AB01-30E2AF59D52D}
		{4E9BD8C3-542D-4705-9DCA-CA5A6C39D1A3} = {3D2F4D66-E021-4C72-AB01-30E2AF59D52D}
	EndGlobalSection
	GlobalSection(ExtensibilityGlobals) = postSolution
		SolutionGuid = {3CF4674F-9A91-4E9B-9707-EF28CD9D3D12}
	EndGlobalSection
EndGlobal
