
Microsoft Visual Studio Solution File, Format Version 12.00
# Visual Studio 15
VisualStudioVersion = 15.0.26430.15
MinimumVisualStudioVersion = 10.0.40219.1
Project("{FAE04EC0-301F-11D3-BF4B-00C04F79EFBC}") = "SimpleWPF.Core", "SimpleWPF.Core\SimpleWPF.Core.csproj", "{C4239BF9-8454-4FA9-B86F-2BB679B77EFB}"
EndProject
Project("{FAE04EC0-301F-11D3-BF4B-00C04F79EFBC}") = "SingleWindowSampleApplication", "..\..\..\Documents\Visual Studio 2017\Projects\SimpleWPF\SingleWindowSampleApplication\SingleWindowSampleApplication.csproj", "{2D8E4EAA-2948-496E-B2D7-EADB3070C4DC}"
EndProject
Project("{2150E333-8FDC-42A3-9474-1A3956D46DE8}") = "Samples", "Samples", "{3D2F4D66-E021-4C72-AB01-30E2AF59D52D}"
EndProject
Project("{FAE04EC0-301F-11D3-BF4B-00C04F79EFBC}") = "MultiWindowSampleApplication", "Samples\MultiWindowSampleApplication\MultiWindowSampleApplication.csproj", "{F4C6894C-0273-478F-A0DA-D8C9C77F5BF1}"
EndProject
Global
	GlobalSection(SolutionConfigurationPlatforms) = preSolution
		Debug|Any CPU = Debug|Any CPU
		Release|Any CPU = Release|Any CPU
	EndGlobalSection
	GlobalSection(ProjectConfigurationPlatforms) = postSolution
		{C4239BF9-8454-4FA9-B86F-2BB679B77EFB}.Debug|Any CPU.ActiveCfg = Debug|Any CPU
		{C4239BF9-8454-4FA9-B86F-2BB679B77EFB}.Debug|Any CPU.Build.0 = Debug|Any CPU
		{C4239BF9-8454-4FA9-B86F-2BB679B77EFB}.Release|Any CPU.ActiveCfg = Release|Any CPU
		{C4239BF9-8454-4FA9-B86F-2BB679B77EFB}.Release|Any CPU.Build.0 = Release|Any CPU
		{2D8E4EAA-2948-496E-B2D7-EADB3070C4DC}.Debug|Any CPU.ActiveCfg = Debug|Any CPU
		{2D8E4EAA-2948-496E-B2D7-EADB3070C4DC}.Debug|Any CPU.Build.0 = Debug|Any CPU
		{2D8E4EAA-2948-496E-B2D7-EADB3070C4DC}.Release|Any CPU.ActiveCfg = Release|Any CPU
		{2D8E4EAA-2948-496E-B2D7-EADB3070C4DC}.Release|Any CPU.Build.0 = Release|Any CPU
		{F4C6894C-0273-478F-A0DA-D8C9C77F5BF1}.Debug|Any CPU.ActiveCfg = Debug|Any CPU
		{F4C6894C-0273-478F-A0DA-D8C9C77F5BF1}.Debug|Any CPU.Build.0 = Debug|Any CPU
		{F4C6894C-0273-478F-A0DA-D8C9C77F5BF1}.Release|Any CPU.ActiveCfg = Release|Any CPU
		{F4C6894C-0273-478F-A0DA-D8C9C77F5BF1}.Release|Any CPU.Build.0 = Release|Any CPU
	EndGlobalSection
	GlobalSection(SolutionProperties) = preSolution
		HideSolutionNode = FALSE
	EndGlobalSection
	GlobalSection(NestedProjects) = preSolution
		{2D8E4EAA-2948-496E-B2D7-EADB3070C4DC} = {3D2F4D66-E021-4C72-AB01-30E2AF59D52D}
		{F4C6894C-0273-478F-A0DA-D8C9C77F5BF1} = {3D2F4D66-E021-4C72-AB01-30E2AF59D52D}
	EndGlobalSection
EndGlobal
